
Microsoft Visual Studio Solution File, Format Version 12.00
# Visual Studio 15
VisualStudioVersion = 15.0.26228.9
MinimumVisualStudioVersion = 10.0.40219.1
Project("{FAE04EC0-301F-11D3-BF4B-00C04F79EFBC}") = "HelloWorld", "HelloWorld\HelloWorld.csproj", "{322962F7-D55C-4A87-A59D-D2A408A3BA99}"
EndProject
Project("{FAE04EC0-301F-11D3-BF4B-00C04F79EFBC}") = "HelloWorld.Tests", "HelloWorld.Tests\HelloWorld.Tests.csproj", "{5247D902-D482-414B-899B-A72C8B7E07A6}"
EndProject
Global
	GlobalSection(SolutionConfigurationPlatforms) = preSolution
		Debug|Any CPU = Debug|Any CPU
		Release|Any CPU = Release|Any CPU
	EndGlobalSection
	GlobalSection(ProjectConfigurationPlatforms) = postSolution
		{322962F7-D55C-4A87-A59D-D2A408A3BA99}.Debug|Any CPU.ActiveCfg = Debug|Any CPU
		{322962F7-D55C-4A87-A59D-D2A408A3BA99}.Debug|Any CPU.Build.0 = Debug|Any CPU
		{322962F7-D55C-4A87-A59D-D2A408A3BA99}.Release|Any CPU.ActiveCfg = Release|Any CPU
		{322962F7-D55C-4A87-A59D-D2A408A3BA99}.Release|Any CPU.Build.0 = Release|Any CPU
		{5247D902-D482-414B-899B-A72C8B7E07A6}.Debug|Any CPU.ActiveCfg = Debug|Any CPU
		{5247D902-D482-414B-899B-A72C8B7E07A6}.Debug|Any CPU.Build.0 = Debug|Any CPU
		{5247D902-D482-414B-899B-A72C8B7E07A6}.Release|Any CPU.ActiveCfg = Release|Any CPU
		{5247D902-D482-414B-899B-A72C8B7E07A6}.Release|Any CPU.Build.0 = Release|Any CPU
	EndGlobalSection
	GlobalSection(SolutionProperties) = preSolution
		HideSolutionNode = FALSE
	EndGlobalSection
EndGlobal
